
Microsoft Visual Studio Solution File, Format Version 12.00
# Visual Studio Version 17
VisualStudioVersion = 17.0.31903.59
MinimumVisualStudioVersion = 10.0.40219.1
Project("{2150E333-8FDC-42A3-9474-1A3956D46DE8}") = "src", "src", "{4DEFCFC3-415E-48BD-B8BB-CE68AB57CB65}"
EndProject
Project("{2150E333-8FDC-42A3-9474-1A3956D46DE8}") = "API", "API", "{3494B220-DFDA-4788-9BEB-9C1DC169C4F6}"
EndProject
Project("{FAE04EC0-301F-11D3-BF4B-00C04F79EFBC}") = "MarstonX.Api", "src\API\MarstonX.Api\MarstonX.Api.csproj", "{1E47FA9F-7F5E-4320-AAFD-34AE1513767D}"
EndProject
Project("{2150E333-8FDC-42A3-9474-1A3956D46DE8}") = "Core", "Core", "{7452D4B2-8D7D-4E2E-A03B-C0D257246508}"
EndProject
Project("{FAE04EC0-301F-11D3-BF4B-00C04F79EFBC}") = "MarstonX.Application", "src\Core\MarstonX.Application\MarstonX.Application.csproj", "{4589DE6E-40AD-4941-BA03-2833D4C56720}"
EndProject
Project("{FAE04EC0-301F-11D3-BF4B-00C04F79EFBC}") = "MarstonX.Domain", "src\Core\MarstonX.Domain\MarstonX.Domain.csproj", "{2B7FFFE3-1B2B-438C-A004-420967E5F1D1}"
EndProject
Project("{2150E333-8FDC-42A3-9474-1A3956D46DE8}") = "Infra", "Infra", "{685D3EF3-D806-47D3-AF98-CD0A135B61F7}"
EndProject
Project("{FAE04EC0-301F-11D3-BF4B-00C04F79EFBC}") = "MarstonX.Infrastructure", "src\Infra\MarstonX.Infrastructure\MarstonX.Infrastructure.csproj", "{0D9EC84E-03D4-4D30-BF47-72CD1F571AC8}"
EndProject
Project("{2150E333-8FDC-42A3-9474-1A3956D46DE8}") = "Persistence", "Persistence", "{88422627-FAE3-4DE9-B9C1-4B85CB549D88}"
EndProject
Project("{FAE04EC0-301F-11D3-BF4B-00C04F79EFBC}") = "MarstonX.Persistence", "src\Persistence\MarstonX.Persistence\MarstonX.Persistence.csproj", "{B9E12E35-4D0D-4328-B6E8-C3A6B92ED8FA}"
EndProject
Project("{2150E333-8FDC-42A3-9474-1A3956D46DE8}") = "test", "test", "{94A803BD-4E4D-4F6B-8C34-1A0C2AE5B2CF}"
EndProject
Project("{FAE04EC0-301F-11D3-BF4B-00C04F79EFBC}") = "MarstonX.Api.Tests", "test\API\MarstonX.Api.Tests\MarstonX.Api.Tests.csproj", "{E4EE4A52-1F91-491B-8A26-3158683631FA}"
EndProject
Global
	GlobalSection(SolutionConfigurationPlatforms) = preSolution
		Debug|Any CPU = Debug|Any CPU
		Release|Any CPU = Release|Any CPU
	EndGlobalSection
	GlobalSection(ProjectConfigurationPlatforms) = postSolution
		{1E47FA9F-7F5E-4320-AAFD-34AE1513767D}.Debug|Any CPU.ActiveCfg = Debug|Any CPU
		{1E47FA9F-7F5E-4320-AAFD-34AE1513767D}.Debug|Any CPU.Build.0 = Debug|Any CPU
		{1E47FA9F-7F5E-4320-AAFD-34AE1513767D}.Release|Any CPU.ActiveCfg = Release|Any CPU
		{1E47FA9F-7F5E-4320-AAFD-34AE1513767D}.Release|Any CPU.Build.0 = Release|Any CPU
		{4589DE6E-40AD-4941-BA03-2833D4C56720}.Debug|Any CPU.ActiveCfg = Debug|Any CPU
		{4589DE6E-40AD-4941-BA03-2833D4C56720}.Debug|Any CPU.Build.0 = Debug|Any CPU
		{4589DE6E-40AD-4941-BA03-2833D4C56720}.Release|Any CPU.ActiveCfg = Release|Any CPU
		{4589DE6E-40AD-4941-BA03-2833D4C56720}.Release|Any CPU.Build.0 = Release|Any CPU
		{2B7FFFE3-1B2B-438C-A004-420967E5F1D1}.Debug|Any CPU.ActiveCfg = Debug|Any CPU
		{2B7FFFE3-1B2B-438C-A004-420967E5F1D1}.Debug|Any CPU.Build.0 = Debug|Any CPU
		{2B7FFFE3-1B2B-438C-A004-420967E5F1D1}.Release|Any CPU.ActiveCfg = Release|Any CPU
		{2B7FFFE3-1B2B-438C-A004-420967E5F1D1}.Release|Any CPU.Build.0 = Release|Any CPU
		{0D9EC84E-03D4-4D30-BF47-72CD1F571AC8}.Debug|Any CPU.ActiveCfg = Debug|Any CPU
		{0D9EC84E-03D4-4D30-BF47-72CD1F571AC8}.Debug|Any CPU.Build.0 = Debug|Any CPU
		{0D9EC84E-03D4-4D30-BF47-72CD1F571AC8}.Release|Any CPU.ActiveCfg = Release|Any CPU
		{0D9EC84E-03D4-4D30-BF47-72CD1F571AC8}.Release|Any CPU.Build.0 = Release|Any CPU
		{B9E12E35-4D0D-4328-B6E8-C3A6B92ED8FA}.Debug|Any CPU.ActiveCfg = Debug|Any CPU
		{B9E12E35-4D0D-4328-B6E8-C3A6B92ED8FA}.Debug|Any CPU.Build.0 = Debug|Any CPU
		{B9E12E35-4D0D-4328-B6E8-C3A6B92ED8FA}.Release|Any CPU.ActiveCfg = Release|Any CPU
		{B9E12E35-4D0D-4328-B6E8-C3A6B92ED8FA}.Release|Any CPU.Build.0 = Release|Any CPU
		{E4EE4A52-1F91-491B-8A26-3158683631FA}.Debug|Any CPU.ActiveCfg = Debug|Any CPU
		{E4EE4A52-1F91-491B-8A26-3158683631FA}.Debug|Any CPU.Build.0 = Debug|Any CPU
		{E4EE4A52-1F91-491B-8A26-3158683631FA}.Release|Any CPU.ActiveCfg = Release|Any CPU
		{E4EE4A52-1F91-491B-8A26-3158683631FA}.Release|Any CPU.Build.0 = Release|Any CPU
	EndGlobalSection
	GlobalSection(SolutionProperties) = preSolution
		HideSolutionNode = FALSE
	EndGlobalSection
	GlobalSection(NestedProjects) = preSolution
		{3494B220-DFDA-4788-9BEB-9C1DC169C4F6} = {4DEFCFC3-415E-48BD-B8BB-CE68AB57CB65}
		{1E47FA9F-7F5E-4320-AAFD-34AE1513767D} = {3494B220-DFDA-4788-9BEB-9C1DC169C4F6}
		{7452D4B2-8D7D-4E2E-A03B-C0D257246508} = {4DEFCFC3-415E-48BD-B8BB-CE68AB57CB65}
		{4589DE6E-40AD-4941-BA03-2833D4C56720} = {7452D4B2-8D7D-4E2E-A03B-C0D257246508}
		{2B7FFFE3-1B2B-438C-A004-420967E5F1D1} = {7452D4B2-8D7D-4E2E-A03B-C0D257246508}
		{685D3EF3-D806-47D3-AF98-CD0A135B61F7} = {4DEFCFC3-415E-48BD-B8BB-CE68AB57CB65}
		{0D9EC84E-03D4-4D30-BF47-72CD1F571AC8} = {685D3EF3-D806-47D3-AF98-CD0A135B61F7}
		{88422627-FAE3-4DE9-B9C1-4B85CB549D88} = {4DEFCFC3-415E-48BD-B8BB-CE68AB57CB65}
		{B9E12E35-4D0D-4328-B6E8-C3A6B92ED8FA} = {88422627-FAE3-4DE9-B9C1-4B85CB549D88}
		{E4EE4A52-1F91-491B-8A26-3158683631FA} = {94A803BD-4E4D-4F6B-8C34-1A0C2AE5B2CF}
	EndGlobalSection
EndGlobal
